
Microsoft Visual Studio Solution File, Format Version 12.00
# Visual Studio Version 17
VisualStudioVersion = 17.1.32210.238
MinimumVisualStudioVersion = 10.0.40219.1
Project("{9A19103F-16F7-4668-BE54-9A1E7A4F7556}") = "StockData.Worker", "StockData.Worker\StockData.Worker.csproj", "{9ACBA65F-E9D9-469F-A057-4434986191EB}"
EndProject
Project("{FAE04EC0-301F-11D3-BF4B-00C04F79EFBC}") = "StockData.Data", "StockData.Data\StockData.Data.csproj", "{4F88A1DF-F143-44CF-ADB0-F746D1B33EEF}"
EndProject
Project("{FAE04EC0-301F-11D3-BF4B-00C04F79EFBC}") = "StockData.Layer", "StockData.Layer\StockData.Layer.csproj", "{6AAD31FB-7A24-4824-AD22-402FE17ADCE6}"
EndProject
Global
	GlobalSection(SolutionConfigurationPlatforms) = preSolution
		Debug|Any CPU = Debug|Any CPU
		Release|Any CPU = Release|Any CPU
	EndGlobalSection
	GlobalSection(ProjectConfigurationPlatforms) = postSolution
		{9ACBA65F-E9D9-469F-A057-4434986191EB}.Debug|Any CPU.ActiveCfg = Debug|Any CPU
		{9ACBA65F-E9D9-469F-A057-4434986191EB}.Debug|Any CPU.Build.0 = Debug|Any CPU
		{9ACBA65F-E9D9-469F-A057-4434986191EB}.Release|Any CPU.ActiveCfg = Release|Any CPU
		{9ACBA65F-E9D9-469F-A057-4434986191EB}.Release|Any CPU.Build.0 = Release|Any CPU
		{4F88A1DF-F143-44CF-ADB0-F746D1B33EEF}.Debug|Any CPU.ActiveCfg = Debug|Any CPU
		{4F88A1DF-F143-44CF-ADB0-F746D1B33EEF}.Debug|Any CPU.Build.0 = Debug|Any CPU
		{4F88A1DF-F143-44CF-ADB0-F746D1B33EEF}.Release|Any CPU.ActiveCfg = Release|Any CPU
		{4F88A1DF-F143-44CF-ADB0-F746D1B33EEF}.Release|Any CPU.Build.0 = Release|Any CPU
		{6AAD31FB-7A24-4824-AD22-402FE17ADCE6}.Debug|Any CPU.ActiveCfg = Debug|Any CPU
		{6AAD31FB-7A24-4824-AD22-402FE17ADCE6}.Debug|Any CPU.Build.0 = Debug|Any CPU
		{6AAD31FB-7A24-4824-AD22-402FE17ADCE6}.Release|Any CPU.ActiveCfg = Release|Any CPU
		{6AAD31FB-7A24-4824-AD22-402FE17ADCE6}.Release|Any CPU.Build.0 = Release|Any CPU
	EndGlobalSection
	GlobalSection(SolutionProperties) = preSolution
		HideSolutionNode = FALSE
	EndGlobalSection
	GlobalSection(ExtensibilityGlobals) = postSolution
		SolutionGuid = {24A7A82C-F7B0-4D5A-9788-0469DE63ADEA}
	EndGlobalSection
EndGlobal
